
Microsoft Visual Studio Solution File, Format Version 12.00
# Visual Studio Version 17
VisualStudioVersion = 17.1.32328.378
MinimumVisualStudioVersion = 10.0.40219.1
Project("{2150E333-8FDC-42A3-9474-1A3956D46DE8}") = "src", "src", "{827E0CD3-B72D-47B6-A68D-7590B98EB39B}"
EndProject
Project("{FAE04EC0-301F-11D3-BF4B-00C04F79EFBC}") = "SharpAstro.Tiff", "src\SharpAstro.Tiff\SharpAstro.Tiff.csproj", "{4DECA07B-3463-40EF-8379-29FF9BF955B7}"
EndProject
Project("{FAE04EC0-301F-11D3-BF4B-00C04F79EFBC}") = "SharpAstro.Png", "src\SharpAstro.Png\SharpAstro.Png.csproj", "{9BCE57DC-DE19-45DB-922C-9EA9151350BB}"
EndProject
Project("{FAE04EC0-301F-11D3-BF4B-00C04F79EFBC}") = "SharpAstro.Exif", "src\SharpAstro.Exif\SharpAstro.Exif.csproj", "{85E05C55-093F-4196-94BA-BE92E11CF44E}"
EndProject
Project("{FAE04EC0-301F-11D3-BF4B-00C04F79EFBC}") = "SharpAstro.Color.Icc", "src\SharpAstro.Color.Icc\SharpAstro.Color.Icc.csproj", "{5D9D9363-769A-4310-BAC7-5456424A1648}"
EndProject
Project("{FAE04EC0-301F-11D3-BF4B-00C04F79EFBC}") = "SharpAstro.Jpeg.IccInjector", "src\SharpAstro.Jpeg.IccInjector\SharpAstro.Jpeg.IccInjector.csproj", "{03F99AD1-3B17-49B7-B3DE-F82B58470263}"
EndProject
Project("{FAE04EC0-301F-11D3-BF4B-00C04F79EFBC}") = "SharpAstro.Jxr", "src\SharpAstro.Jxr\SharpAstro.Jxr.csproj", "{D23652AA-2EF6-4E1A-A826-EB5539EA5123}"
EndProject
Project("{FAE04EC0-301F-11D3-BF4B-00C04F79EFBC}") = "SharpAstro.Exr", "src\SharpAstro.Exr\SharpAstro.Exr.csproj", "{9A6368B2-555E-4DB3-BA8E-332566E5524C}"
EndProject
Project("{FAE04EC0-301F-11D3-BF4B-00C04F79EFBC}") = "SharpAstro.Jxl", "src\SharpAstro.Jxl\SharpAstro.Jxl.csproj", "{148FA6F1-E188-4924-96B9-AA6BD78E7150}"
EndProject
Project("{FAE04EC0-301F-11D3-BF4B-00C04F79EFBC}") = "SharpAstro.Codecs.Abstractions", "src\SharpAstro.Codecs.Abstractions\SharpAstro.Codecs.Abstractions.csproj", "{C2FAA4A9-7C90-4C00-958D-87FD51982323}"
EndProject
Project("{FAE04EC0-301F-11D3-BF4B-00C04F79EFBC}") = "SharpAstro.Codecs", "src\SharpAstro.Codecs\SharpAstro.Codecs.csproj", "{85E95540-479B-4EFC-8463-CD6D28D5E3F3}"
EndProject
Project("{FAE04EC0-301F-11D3-BF4B-00C04F79EFBC}") = "SharpAstro.Jpeg", "src\SharpAstro.Jpeg\SharpAstro.Jpeg.csproj", "{F7A2222D-4E1F-47C2-8778-EC6F1EBF6980}"
EndProject
Global
	GlobalSection(SolutionConfigurationPlatforms) = preSolution
		Debug|Any CPU = Debug|Any CPU
		Debug|x64 = Debug|x64
		Debug|x86 = Debug|x86
		Release|Any CPU = Release|Any CPU
		Release|x64 = Release|x64
		Release|x86 = Release|x86
	EndGlobalSection
	GlobalSection(ProjectConfigurationPlatforms) = postSolution
		{4DECA07B-3463-40EF-8379-29FF9BF955B7}.Debug|Any CPU.ActiveCfg = Debug|Any CPU
		{4DECA07B-3463-40EF-8379-29FF9BF955B7}.Debug|Any CPU.Build.0 = Debug|Any CPU
		{4DECA07B-3463-40EF-8379-29FF9BF955B7}.Debug|x64.ActiveCfg = Debug|Any CPU
		{4DECA07B-3463-40EF-8379-29FF9BF955B7}.Debug|x64.Build.0 = Debug|Any CPU
		{4DECA07B-3463-40EF-8379-29FF9BF955B7}.Debug|x86.ActiveCfg = Debug|Any CPU
		{4DECA07B-3463-40EF-8379-29FF9BF955B7}.Debug|x86.Build.0 = Debug|Any CPU
		{4DECA07B-3463-40EF-8379-29FF9BF955B7}.Release|Any CPU.ActiveCfg = Release|Any CPU
		{4DECA07B-3463-40EF-8379-29FF9BF955B7}.Release|Any CPU.Build.0 = Release|Any CPU
		{4DECA07B-3463-40EF-8379-29FF9BF955B7}.Release|x64.ActiveCfg = Release|Any CPU
		{4DECA07B-3463-40EF-8379-29FF9BF955B7}.Release|x64.Build.0 = Release|Any CPU
		{4DECA07B-3463-40EF-8379-29FF9BF955B7}.Release|x86.ActiveCfg = Release|Any CPU
		{4DECA07B-3463-40EF-8379-29FF9BF955B7}.Release|x86.Build.0 = Release|Any CPU
		{9BCE57DC-DE19-45DB-922C-9EA9151350BB}.Debug|Any CPU.ActiveCfg = Debug|Any CPU
		{9BCE57DC-DE19-45DB-922C-9EA9151350BB}.Debug|Any CPU.Build.0 = Debug|Any CPU
		{9BCE57DC-DE19-45DB-922C-9EA9151350BB}.Debug|x64.ActiveCfg = Debug|Any CPU
		{9BCE57DC-DE19-45DB-922C-9EA9151350BB}.Debug|x64.Build.0 = Debug|Any CPU
		{9BCE57DC-DE19-45DB-922C-9EA9151350BB}.Debug|x86.ActiveCfg = Debug|Any CPU
		{9BCE57DC-DE19-45DB-922C-9EA9151350BB}.Debug|x86.Build.0 = Debug|Any CPU
		{9BCE57DC-DE19-45DB-922C-9EA9151350BB}.Release|Any CPU.ActiveCfg = Release|Any CPU
		{9BCE57DC-DE19-45DB-922C-9EA9151350BB}.Release|Any CPU.Build.0 = Release|Any CPU
		{9BCE57DC-DE19-45DB-922C-9EA9151350BB}.Release|x64.ActiveCfg = Release|Any CPU
		{9BCE57DC-DE19-45DB-922C-9EA9151350BB}.Release|x64.Build.0 = Release|Any CPU
		{9BCE57DC-DE19-45DB-922C-9EA9151350BB}.Release|x86.ActiveCfg = Release|Any CPU
		{9BCE57DC-DE19-45DB-922C-9EA9151350BB}.Release|x86.Build.0 = Release|Any CPU
		{85E05C55-093F-4196-94BA-BE92E11CF44E}.Debug|Any CPU.ActiveCfg = Debug|Any CPU
		{85E05C55-093F-4196-94BA-BE92E11CF44E}.Debug|Any CPU.Build.0 = Debug|Any CPU
		{85E05C55-093F-4196-94BA-BE92E11CF44E}.Debug|x64.ActiveCfg = Debug|Any CPU
		{85E05C55-093F-4196-94BA-BE92E11CF44E}.Debug|x64.Build.0 = Debug|Any CPU
		{85E05C55-093F-4196-94BA-BE92E11CF44E}.Debug|x86.ActiveCfg = Debug|Any CPU
		{85E05C55-093F-4196-94BA-BE92E11CF44E}.Debug|x86.Build.0 = Debug|Any CPU
		{85E05C55-093F-4196-94BA-BE92E11CF44E}.Release|Any CPU.ActiveCfg = Release|Any CPU
		{85E05C55-093F-4196-94BA-BE92E11CF44E}.Release|Any CPU.Build.0 = Release|Any CPU
		{85E05C55-093F-4196-94BA-BE92E11CF44E}.Release|x64.ActiveCfg = Release|Any CPU
		{85E05C55-093F-4196-94BA-BE92E11CF44E}.Release|x64.Build.0 = Release|Any CPU
		{85E05C55-093F-4196-94BA-BE92E11CF44E}.Release|x86.ActiveCfg = Release|Any CPU
		{85E05C55-093F-4196-94BA-BE92E11CF44E}.Release|x86.Build.0 = Release|Any CPU
		{5D9D9363-769A-4310-BAC7-5456424A1648}.Debug|Any CPU.ActiveCfg = Debug|Any CPU
		{5D9D9363-769A-4310-BAC7-5456424A1648}.Debug|Any CPU.Build.0 = Debug|Any CPU
		{5D9D9363-769A-4310-BAC7-5456424A1648}.Debug|x64.ActiveCfg = Debug|Any CPU
		{5D9D9363-769A-4310-BAC7-5456424A1648}.Debug|x64.Build.0 = Debug|Any CPU
		{5D9D9363-769A-4310-BAC7-5456424A1648}.Debug|x86.ActiveCfg = Debug|Any CPU
		{5D9D9363-769A-4310-BAC7-5456424A1648}.Debug|x86.Build.0 = Debug|Any CPU
		{5D9D9363-769A-4310-BAC7-5456424A1648}.Release|Any CPU.ActiveCfg = Release|Any CPU
		{5D9D9363-769A-4310-BAC7-5456424A1648}.Release|Any CPU.Build.0 = Release|Any CPU
		{5D9D9363-769A-4310-BAC7-5456424A1648}.Release|x64.ActiveCfg = Release|Any CPU
		{5D9D9363-769A-4310-BAC7-5456424A1648}.Release|x64.Build.0 = Release|Any CPU
		{5D9D9363-769A-4310-BAC7-5456424A1648}.Release|x86.ActiveCfg = Release|Any CPU
		{5D9D9363-769A-4310-BAC7-5456424A1648}.Release|x86.Build.0 = Release|Any CPU
		{03F99AD1-3B17-49B7-B3DE-F82B58470263}.Debug|Any CPU.ActiveCfg = Debug|Any CPU
		{03F99AD1-3B17-49B7-B3DE-F82B58470263}.Debug|Any CPU.Build.0 = Debug|Any CPU
		{03F99AD1-3B17-49B7-B3DE-F82B58470263}.Debug|x64.ActiveCfg = Debug|Any CPU
		{03F99AD1-3B17-49B7-B3DE-F82B58470263}.Debug|x64.Build.0 = Debug|Any CPU
		{03F99AD1-3B17-49B7-B3DE-F82B58470263}.Debug|x86.ActiveCfg = Debug|Any CPU
		{03F99AD1-3B17-49B7-B3DE-F82B58470263}.Debug|x86.Build.0 = Debug|Any CPU
		{03F99AD1-3B17-49B7-B3DE-F82B58470263}.Release|Any CPU.ActiveCfg = Release|Any CPU
		{03F99AD1-3B17-49B7-B3DE-F82B58470263}.Release|Any CPU.Build.0 = Release|Any CPU
		{03F99AD1-3B17-49B7-B3DE-F82B58470263}.Release|x64.ActiveCfg = Release|Any CPU
		{03F99AD1-3B17-49B7-B3DE-F82B58470263}.Release|x64.Build.0 = Release|Any CPU
		{03F99AD1-3B17-49B7-B3DE-F82B58470263}.Release|x86.ActiveCfg = Release|Any CPU
		{03F99AD1-3B17-49B7-B3DE-F82B58470263}.Release|x86.Build.0 = Release|Any CPU
		{D23652AA-2EF6-4E1A-A826-EB5539EA5123}.Debug|Any CPU.ActiveCfg = Debug|Any CPU
		{D23652AA-2EF6-4E1A-A826-EB5539EA5123}.Debug|Any CPU.Build.0 = Debug|Any CPU
		{D23652AA-2EF6-4E1A-A826-EB5539EA5123}.Debug|x64.ActiveCfg = Debug|Any CPU
		{D23652AA-2EF6-4E1A-A826-EB5539EA5123}.Debug|x64.Build.0 = Debug|Any CPU
		{D23652AA-2EF6-4E1A-A826-EB5539EA5123}.Debug|x86.ActiveCfg = Debug|Any CPU
		{D23652AA-2EF6-4E1A-A826-EB5539EA5123}.Debug|x86.Build.0 = Debug|Any CPU
		{D23652AA-2EF6-4E1A-A826-EB5539EA5123}.Release|Any CPU.ActiveCfg = Release|Any CPU
		{D23652AA-2EF6-4E1A-A826-EB5539EA5123}.Release|Any CPU.Build.0 = Release|Any CPU
		{D23652AA-2EF6-4E1A-A826-EB5539EA5123}.Release|x64.ActiveCfg = Release|Any CPU
		{D23652AA-2EF6-4E1A-A826-EB5539EA5123}.Release|x64.Build.0 = Release|Any CPU
		{D23652AA-2EF6-4E1A-A826-EB5539EA5123}.Release|x86.ActiveCfg = Release|Any CPU
		{D23652AA-2EF6-4E1A-A826-EB5539EA5123}.Release|x86.Build.0 = Release|Any CPU
		{9A6368B2-555E-4DB3-BA8E-332566E5524C}.Debug|Any CPU.ActiveCfg = Debug|Any CPU
		{9A6368B2-555E-4DB3-BA8E-332566E5524C}.Debug|Any CPU.Build.0 = Debug|Any CPU
		{9A6368B2-555E-4DB3-BA8E-332566E5524C}.Debug|x64.ActiveCfg = Debug|Any CPU
		{9A6368B2-555E-4DB3-BA8E-332566E5524C}.Debug|x64.Build.0 = Debug|Any CPU
		{9A6368B2-555E-4DB3-BA8E-332566E5524C}.Debug|x86.ActiveCfg = Debug|Any CPU
		{9A6368B2-555E-4DB3-BA8E-332566E5524C}.Debug|x86.Build.0 = Debug|Any CPU
		{9A6368B2-555E-4DB3-BA8E-332566E5524C}.Release|Any CPU.ActiveCfg = Release|Any CPU
		{9A6368B2-555E-4DB3-BA8E-332566E5524C}.Release|Any CPU.Build.0 = Release|Any CPU
		{9A6368B2-555E-4DB3-BA8E-332566E5524C}.Release|x64.ActiveCfg = Release|Any CPU
		{9A6368B2-555E-4DB3-BA8E-332566E5524C}.Release|x64.Build.0 = Release|Any CPU
		{9A6368B2-555E-4DB3-BA8E-332566E5524C}.Release|x86.ActiveCfg = Release|Any CPU
		{9A6368B2-555E-4DB3-BA8E-332566E5524C}.Release|x86.Build.0 = Release|Any CPU
		{148FA6F1-E188-4924-96B9-AA6BD78E7150}.Debug|Any CPU.ActiveCfg = Debug|Any CPU
		{148FA6F1-E188-4924-96B9-AA6BD78E7150}.Debug|Any CPU.Build.0 = Debug|Any CPU
		{148FA6F1-E188-4924-96B9-AA6BD78E7150}.Debug|x64.ActiveCfg = Debug|Any CPU
		{148FA6F1-E188-4924-96B9-AA6BD78E7150}.Debug|x64.Build.0 = Debug|Any CPU
		{148FA6F1-E188-4924-96B9-AA6BD78E7150}.Debug|x86.ActiveCfg = Debug|Any CPU
		{148FA6F1-E188-4924-96B9-AA6BD78E7150}.Debug|x86.Build.0 = Debug|Any CPU
		{148FA6F1-E188-4924-96B9-AA6BD78E7150}.Release|Any CPU.ActiveCfg = Release|Any CPU
		{148FA6F1-E188-4924-96B9-AA6BD78E7150}.Release|Any CPU.Build.0 = Release|Any CPU
		{148FA6F1-E188-4924-96B9-AA6BD78E7150}.Release|x64.ActiveCfg = Release|Any CPU
		{148FA6F1-E188-4924-96B9-AA6BD78E7150}.Release|x64.Build.0 = Release|Any CPU
		{148FA6F1-E188-4924-96B9-AA6BD78E7150}.Release|x86.ActiveCfg = Release|Any CPU
		{148FA6F1-E188-4924-96B9-AA6BD78E7150}.Release|x86.Build.0 = Release|Any CPU
		{C2FAA4A9-7C90-4C00-958D-87FD51982323}.Debug|Any CPU.ActiveCfg = Debug|Any CPU
		{C2FAA4A9-7C90-4C00-958D-87FD51982323}.Debug|Any CPU.Build.0 = Debug|Any CPU
		{C2FAA4A9-7C90-4C00-958D-87FD51982323}.Debug|x64.ActiveCfg = Debug|Any CPU
		{C2FAA4A9-7C90-4C00-958D-87FD51982323}.Debug|x64.Build.0 = Debug|Any CPU
		{C2FAA4A9-7C90-4C00-958D-87FD51982323}.Debug|x86.ActiveCfg = Debug|Any CPU
		{C2FAA4A9-7C90-4C00-958D-87FD51982323}.Debug|x86.Build.0 = Debug|Any CPU
		{C2FAA4A9-7C90-4C00-958D-87FD51982323}.Release|Any CPU.ActiveCfg = Release|Any CPU
		{C2FAA4A9-7C90-4C00-958D-87FD51982323}.Release|Any CPU.Build.0 = Release|Any CPU
		{C2FAA4A9-7C90-4C00-958D-87FD51982323}.Release|x64.ActiveCfg = Release|Any CPU
		{C2FAA4A9-7C90-4C00-958D-87FD51982323}.Release|x64.Build.0 = Release|Any CPU
		{C2FAA4A9-7C90-4C00-958D-87FD51982323}.Release|x86.ActiveCfg = Release|Any CPU
		{C2FAA4A9-7C90-4C00-958D-87FD51982323}.Release|x86.Build.0 = Release|Any CPU
		{85E95540-479B-4EFC-8463-CD6D28D5E3F3}.Debug|Any CPU.ActiveCfg = Debug|Any CPU
		{85E95540-479B-4EFC-8463-CD6D28D5E3F3}.Debug|Any CPU.Build.0 = Debug|Any CPU
		{85E95540-479B-4EFC-8463-CD6D28D5E3F3}.Debug|x64.ActiveCfg = Debug|Any CPU
		{85E95540-479B-4EFC-8463-CD6D28D5E3F3}.Debug|x64.Build.0 = Debug|Any CPU
		{85E95540-479B-4EFC-8463-CD6D28D5E3F3}.Debug|x86.ActiveCfg = Debug|Any CPU
		{85E95540-479B-4EFC-8463-CD6D28D5E3F3}.Debug|x86.Build.0 = Debug|Any CPU
		{85E95540-479B-4EFC-8463-CD6D28D5E3F3}.Release|Any CPU.ActiveCfg = Release|Any CPU
		{85E95540-479B-4EFC-8463-CD6D28D5E3F3}.Release|Any CPU.Build.0 = Release|Any CPU
		{85E95540-479B-4EFC-8463-CD6D28D5E3F3}.Release|x64.ActiveCfg = Release|Any CPU
		{85E95540-479B-4EFC-8463-CD6D28D5E3F3}.Release|x64.Build.0 = Release|Any CPU
		{85E95540-479B-4EFC-8463-CD6D28D5E3F3}.Release|x86.ActiveCfg = Release|Any CPU
		{85E95540-479B-4EFC-8463-CD6D28D5E3F3}.Release|x86.Build.0 = Release|Any CPU
		{F7A2222D-4E1F-47C2-8778-EC6F1EBF6980}.Debug|Any CPU.ActiveCfg = Debug|Any CPU
		{F7A2222D-4E1F-47C2-8778-EC6F1EBF6980}.Debug|Any CPU.Build.0 = Debug|Any CPU
		{F7A2222D-4E1F-47C2-8778-EC6F1EBF6980}.Debug|x64.ActiveCfg = Debug|Any CPU
		{F7A2222D-4E1F-47C2-8778-EC6F1EBF6980}.Debug|x64.Build.0 = Debug|Any CPU
		{F7A2222D-4E1F-47C2-8778-EC6F1EBF6980}.Debug|x86.ActiveCfg = Debug|Any CPU
		{F7A2222D-4E1F-47C2-8778-EC6F1EBF6980}.Debug|x86.Build.0 = Debug|Any CPU
		{F7A2222D-4E1F-47C2-8778-EC6F1EBF6980}.Release|Any CPU.ActiveCfg = Release|Any CPU
		{F7A2222D-4E1F-47C2-8778-EC6F1EBF6980}.Release|Any CPU.Build.0 = Release|Any CPU
		{F7A2222D-4E1F-47C2-8778-EC6F1EBF6980}.Release|x64.ActiveCfg = Release|Any CPU
		{F7A2222D-4E1F-47C2-8778-EC6F1EBF6980}.Release|x64.Build.0 = Release|Any CPU
		{F7A2222D-4E1F-47C2-8778-EC6F1EBF6980}.Release|x86.ActiveCfg = Release|Any CPU
		{F7A2222D-4E1F-47C2-8778-EC6F1EBF6980}.Release|x86.Build.0 = Release|Any CPU
	EndGlobalSection
	GlobalSection(SolutionProperties) = preSolution
		HideSolutionNode = FALSE
	EndGlobalSection
	GlobalSection(NestedProjects) = preSolution
		{4DECA07B-3463-40EF-8379-29FF9BF955B7} = {827E0CD3-B72D-47B6-A68D-7590B98EB39B}
		{9BCE57DC-DE19-45DB-922C-9EA9151350BB} = {827E0CD3-B72D-47B6-A68D-7590B98EB39B}
		{85E05C55-093F-4196-94BA-BE92E11CF44E} = {827E0CD3-B72D-47B6-A68D-7590B98EB39B}
		{5D9D9363-769A-4310-BAC7-5456424A1648} = {827E0CD3-B72D-47B6-A68D-7590B98EB39B}
		{03F99AD1-3B17-49B7-B3DE-F82B58470263} = {827E0CD3-B72D-47B6-A68D-7590B98EB39B}
		{D23652AA-2EF6-4E1A-A826-EB5539EA5123} = {827E0CD3-B72D-47B6-A68D-7590B98EB39B}
		{9A6368B2-555E-4DB3-BA8E-332566E5524C} = {827E0CD3-B72D-47B6-A68D-7590B98EB39B}
		{148FA6F1-E188-4924-96B9-AA6BD78E7150} = {827E0CD3-B72D-47B6-A68D-7590B98EB39B}
		{C2FAA4A9-7C90-4C00-958D-87FD51982323} = {827E0CD3-B72D-47B6-A68D-7590B98EB39B}
		{85E95540-479B-4EFC-8463-CD6D28D5E3F3} = {827E0CD3-B72D-47B6-A68D-7590B98EB39B}
		{F7A2222D-4E1F-47C2-8778-EC6F1EBF6980} = {827E0CD3-B72D-47B6-A68D-7590B98EB39B}
	EndGlobalSection
	GlobalSection(ExtensibilityGlobals) = postSolution
		SolutionGuid = {C9C812E7-F89A-4B6E-8F9D-981D5F8BBAB3}
	EndGlobalSection
EndGlobal
