
Microsoft Visual Studio Solution File, Format Version 12.00
# Visual Studio Version 17
VisualStudioVersion = 17.1.32328.378
MinimumVisualStudioVersion = 10.0.40219.1
Project("{9A19103F-16F7-4668-BE54-9A1E7A4F7556}") = "StbImageSharp", "src\StbImageSharp\StbImageSharp.csproj", "{A0123FC9-6FB4-448D-94D1-84433B317FAB}"
EndProject
Project("{2150E333-8FDC-42A3-9474-1A3956D46DE8}") = "Tests", "Tests", "{AD5041AC-C96B-42F8-BC8C-BFFD2090B364}"
EndProject
Project("{9A19103F-16F7-4668-BE54-9A1E7A4F7556}") = "StbImageSharp.Tests", "tests\StbImageSharp.Tests\StbImageSharp.Tests.csproj", "{5FA15FA0-17F2-446C-8EB7-50281F9C9B34}"
EndProject
Project("{2150E333-8FDC-42A3-9474-1A3956D46DE8}") = "src", "src", "{827E0CD3-B72D-47B6-A68D-7590B98EB39B}"
EndProject
Project("{FAE04EC0-301F-11D3-BF4B-00C04F79EFBC}") = "SharpAstro.Tiff", "src\SharpAstro.Tiff\SharpAstro.Tiff.csproj", "{AFEE8CC6-A93C-4C29-BAB2-12E739D69F96}"
EndProject
Project("{FAE04EC0-301F-11D3-BF4B-00C04F79EFBC}") = "SharpAstro.Png", "src\SharpAstro.Png\SharpAstro.Png.csproj", "{73B07285-08D5-4FB9-BC8F-870E5B1F3151}"
EndProject
Project("{FAE04EC0-301F-11D3-BF4B-00C04F79EFBC}") = "SharpAstro.Exif", "src\SharpAstro.Exif\SharpAstro.Exif.csproj", "{3F3DFCCD-B03D-4295-BD74-366CA962F30B}"
EndProject
Project("{FAE04EC0-301F-11D3-BF4B-00C04F79EFBC}") = "SharpAstro.Color.Icc", "src\SharpAstro.Color.Icc\SharpAstro.Color.Icc.csproj", "{18BB5EA5-6E95-41F6-9ED2-154E5BA4DE2D}"
EndProject
Project("{FAE04EC0-301F-11D3-BF4B-00C04F79EFBC}") = "SharpAstro.Codecs.Tests", "tests\SharpAstro.Codecs.Tests\SharpAstro.Codecs.Tests.csproj", "{A87FD152-0CF2-48CF-B38B-32799AD7FF1A}"
EndProject
Project("{FAE04EC0-301F-11D3-BF4B-00C04F79EFBC}") = "SharpAstro.Jpeg.IccInjector", "src\SharpAstro.Jpeg.IccInjector\SharpAstro.Jpeg.IccInjector.csproj", "{07E4A354-8B38-4FA8-A29A-8CA6F5CFAE61}"
EndProject
Project("{FAE04EC0-301F-11D3-BF4B-00C04F79EFBC}") = "SharpAstro.Jxr", "src\SharpAstro.Jxr\SharpAstro.Jxr.csproj", "{FB4B4784-E374-462D-A870-3FD5892E8F34}"
EndProject
Project("{FAE04EC0-301F-11D3-BF4B-00C04F79EFBC}") = "SharpAstro.Exr", "src\SharpAstro.Exr\SharpAstro.Exr.csproj", "{EC6E987E-7FAE-418C-9918-F143BABE6E54}"
EndProject
Global
	GlobalSection(SolutionConfigurationPlatforms) = preSolution
		Debug|Any CPU = Debug|Any CPU
		Debug|x64 = Debug|x64
		Debug|x86 = Debug|x86
		Release|Any CPU = Release|Any CPU
		Release|x64 = Release|x64
		Release|x86 = Release|x86
	EndGlobalSection
	GlobalSection(ProjectConfigurationPlatforms) = postSolution
		{A0123FC9-6FB4-448D-94D1-84433B317FAB}.Debug|Any CPU.ActiveCfg = Debug|Any CPU
		{A0123FC9-6FB4-448D-94D1-84433B317FAB}.Debug|Any CPU.Build.0 = Debug|Any CPU
		{A0123FC9-6FB4-448D-94D1-84433B317FAB}.Debug|x64.ActiveCfg = Debug|Any CPU
		{A0123FC9-6FB4-448D-94D1-84433B317FAB}.Debug|x64.Build.0 = Debug|Any CPU
		{A0123FC9-6FB4-448D-94D1-84433B317FAB}.Debug|x86.ActiveCfg = Debug|Any CPU
		{A0123FC9-6FB4-448D-94D1-84433B317FAB}.Debug|x86.Build.0 = Debug|Any CPU
		{A0123FC9-6FB4-448D-94D1-84433B317FAB}.Release|Any CPU.ActiveCfg = Release|Any CPU
		{A0123FC9-6FB4-448D-94D1-84433B317FAB}.Release|Any CPU.Build.0 = Release|Any CPU
		{A0123FC9-6FB4-448D-94D1-84433B317FAB}.Release|x64.ActiveCfg = Release|Any CPU
		{A0123FC9-6FB4-448D-94D1-84433B317FAB}.Release|x64.Build.0 = Release|Any CPU
		{A0123FC9-6FB4-448D-94D1-84433B317FAB}.Release|x86.ActiveCfg = Release|Any CPU
		{A0123FC9-6FB4-448D-94D1-84433B317FAB}.Release|x86.Build.0 = Release|Any CPU
		{5FA15FA0-17F2-446C-8EB7-50281F9C9B34}.Debug|Any CPU.ActiveCfg = Debug|Any CPU
		{5FA15FA0-17F2-446C-8EB7-50281F9C9B34}.Debug|Any CPU.Build.0 = Debug|Any CPU
		{5FA15FA0-17F2-446C-8EB7-50281F9C9B34}.Debug|x64.ActiveCfg = Debug|Any CPU
		{5FA15FA0-17F2-446C-8EB7-50281F9C9B34}.Debug|x64.Build.0 = Debug|Any CPU
		{5FA15FA0-17F2-446C-8EB7-50281F9C9B34}.Debug|x86.ActiveCfg = Debug|Any CPU
		{5FA15FA0-17F2-446C-8EB7-50281F9C9B34}.Debug|x86.Build.0 = Debug|Any CPU
		{5FA15FA0-17F2-446C-8EB7-50281F9C9B34}.Release|Any CPU.ActiveCfg = Release|Any CPU
		{5FA15FA0-17F2-446C-8EB7-50281F9C9B34}.Release|Any CPU.Build.0 = Release|Any CPU
		{5FA15FA0-17F2-446C-8EB7-50281F9C9B34}.Release|x64.ActiveCfg = Release|Any CPU
		{5FA15FA0-17F2-446C-8EB7-50281F9C9B34}.Release|x64.Build.0 = Release|Any CPU
		{5FA15FA0-17F2-446C-8EB7-50281F9C9B34}.Release|x86.ActiveCfg = Release|Any CPU
		{5FA15FA0-17F2-446C-8EB7-50281F9C9B34}.Release|x86.Build.0 = Release|Any CPU
		{AFEE8CC6-A93C-4C29-BAB2-12E739D69F96}.Debug|Any CPU.ActiveCfg = Debug|Any CPU
		{AFEE8CC6-A93C-4C29-BAB2-12E739D69F96}.Debug|Any CPU.Build.0 = Debug|Any CPU
		{AFEE8CC6-A93C-4C29-BAB2-12E739D69F96}.Debug|x64.ActiveCfg = Debug|Any CPU
		{AFEE8CC6-A93C-4C29-BAB2-12E739D69F96}.Debug|x64.Build.0 = Debug|Any CPU
		{AFEE8CC6-A93C-4C29-BAB2-12E739D69F96}.Debug|x86.ActiveCfg = Debug|Any CPU
		{AFEE8CC6-A93C-4C29-BAB2-12E739D69F96}.Debug|x86.Build.0 = Debug|Any CPU
		{AFEE8CC6-A93C-4C29-BAB2-12E739D69F96}.Release|Any CPU.ActiveCfg = Release|Any CPU
		{AFEE8CC6-A93C-4C29-BAB2-12E739D69F96}.Release|Any CPU.Build.0 = Release|Any CPU
		{AFEE8CC6-A93C-4C29-BAB2-12E739D69F96}.Release|x64.ActiveCfg = Release|Any CPU
		{AFEE8CC6-A93C-4C29-BAB2-12E739D69F96}.Release|x64.Build.0 = Release|Any CPU
		{AFEE8CC6-A93C-4C29-BAB2-12E739D69F96}.Release|x86.ActiveCfg = Release|Any CPU
		{AFEE8CC6-A93C-4C29-BAB2-12E739D69F96}.Release|x86.Build.0 = Release|Any CPU
		{73B07285-08D5-4FB9-BC8F-870E5B1F3151}.Debug|Any CPU.ActiveCfg = Debug|Any CPU
		{73B07285-08D5-4FB9-BC8F-870E5B1F3151}.Debug|Any CPU.Build.0 = Debug|Any CPU
		{73B07285-08D5-4FB9-BC8F-870E5B1F3151}.Debug|x64.ActiveCfg = Debug|Any CPU
		{73B07285-08D5-4FB9-BC8F-870E5B1F3151}.Debug|x64.Build.0 = Debug|Any CPU
		{73B07285-08D5-4FB9-BC8F-870E5B1F3151}.Debug|x86.ActiveCfg = Debug|Any CPU
		{73B07285-08D5-4FB9-BC8F-870E5B1F3151}.Debug|x86.Build.0 = Debug|Any CPU
		{73B07285-08D5-4FB9-BC8F-870E5B1F3151}.Release|Any CPU.ActiveCfg = Release|Any CPU
		{73B07285-08D5-4FB9-BC8F-870E5B1F3151}.Release|Any CPU.Build.0 = Release|Any CPU
		{73B07285-08D5-4FB9-BC8F-870E5B1F3151}.Release|x64.ActiveCfg = Release|Any CPU
		{73B07285-08D5-4FB9-BC8F-870E5B1F3151}.Release|x64.Build.0 = Release|Any CPU
		{73B07285-08D5-4FB9-BC8F-870E5B1F3151}.Release|x86.ActiveCfg = Release|Any CPU
		{73B07285-08D5-4FB9-BC8F-870E5B1F3151}.Release|x86.Build.0 = Release|Any CPU
		{3F3DFCCD-B03D-4295-BD74-366CA962F30B}.Debug|Any CPU.ActiveCfg = Debug|Any CPU
		{3F3DFCCD-B03D-4295-BD74-366CA962F30B}.Debug|Any CPU.Build.0 = Debug|Any CPU
		{3F3DFCCD-B03D-4295-BD74-366CA962F30B}.Debug|x64.ActiveCfg = Debug|Any CPU
		{3F3DFCCD-B03D-4295-BD74-366CA962F30B}.Debug|x64.Build.0 = Debug|Any CPU
		{3F3DFCCD-B03D-4295-BD74-366CA962F30B}.Debug|x86.ActiveCfg = Debug|Any CPU
		{3F3DFCCD-B03D-4295-BD74-366CA962F30B}.Debug|x86.Build.0 = Debug|Any CPU
		{3F3DFCCD-B03D-4295-BD74-366CA962F30B}.Release|Any CPU.ActiveCfg = Release|Any CPU
		{3F3DFCCD-B03D-4295-BD74-366CA962F30B}.Release|Any CPU.Build.0 = Release|Any CPU
		{3F3DFCCD-B03D-4295-BD74-366CA962F30B}.Release|x64.ActiveCfg = Release|Any CPU
		{3F3DFCCD-B03D-4295-BD74-366CA962F30B}.Release|x64.Build.0 = Release|Any CPU
		{3F3DFCCD-B03D-4295-BD74-366CA962F30B}.Release|x86.ActiveCfg = Release|Any CPU
		{3F3DFCCD-B03D-4295-BD74-366CA962F30B}.Release|x86.Build.0 = Release|Any CPU
		{18BB5EA5-6E95-41F6-9ED2-154E5BA4DE2D}.Debug|Any CPU.ActiveCfg = Debug|Any CPU
		{18BB5EA5-6E95-41F6-9ED2-154E5BA4DE2D}.Debug|Any CPU.Build.0 = Debug|Any CPU
		{18BB5EA5-6E95-41F6-9ED2-154E5BA4DE2D}.Debug|x64.ActiveCfg = Debug|Any CPU
		{18BB5EA5-6E95-41F6-9ED2-154E5BA4DE2D}.Debug|x64.Build.0 = Debug|Any CPU
		{18BB5EA5-6E95-41F6-9ED2-154E5BA4DE2D}.Debug|x86.ActiveCfg = Debug|Any CPU
		{18BB5EA5-6E95-41F6-9ED2-154E5BA4DE2D}.Debug|x86.Build.0 = Debug|Any CPU
		{18BB5EA5-6E95-41F6-9ED2-154E5BA4DE2D}.Release|Any CPU.ActiveCfg = Release|Any CPU
		{18BB5EA5-6E95-41F6-9ED2-154E5BA4DE2D}.Release|Any CPU.Build.0 = Release|Any CPU
		{18BB5EA5-6E95-41F6-9ED2-154E5BA4DE2D}.Release|x64.ActiveCfg = Release|Any CPU
		{18BB5EA5-6E95-41F6-9ED2-154E5BA4DE2D}.Release|x64.Build.0 = Release|Any CPU
		{18BB5EA5-6E95-41F6-9ED2-154E5BA4DE2D}.Release|x86.ActiveCfg = Release|Any CPU
		{18BB5EA5-6E95-41F6-9ED2-154E5BA4DE2D}.Release|x86.Build.0 = Release|Any CPU
		{A87FD152-0CF2-48CF-B38B-32799AD7FF1A}.Debug|Any CPU.ActiveCfg = Debug|Any CPU
		{A87FD152-0CF2-48CF-B38B-32799AD7FF1A}.Debug|Any CPU.Build.0 = Debug|Any CPU
		{A87FD152-0CF2-48CF-B38B-32799AD7FF1A}.Debug|x64.ActiveCfg = Debug|Any CPU
		{A87FD152-0CF2-48CF-B38B-32799AD7FF1A}.Debug|x64.Build.0 = Debug|Any CPU
		{A87FD152-0CF2-48CF-B38B-32799AD7FF1A}.Debug|x86.ActiveCfg = Debug|Any CPU
		{A87FD152-0CF2-48CF-B38B-32799AD7FF1A}.Debug|x86.Build.0 = Debug|Any CPU
		{A87FD152-0CF2-48CF-B38B-32799AD7FF1A}.Release|Any CPU.ActiveCfg = Release|Any CPU
		{A87FD152-0CF2-48CF-B38B-32799AD7FF1A}.Release|Any CPU.Build.0 = Release|Any CPU
		{A87FD152-0CF2-48CF-B38B-32799AD7FF1A}.Release|x64.ActiveCfg = Release|Any CPU
		{A87FD152-0CF2-48CF-B38B-32799AD7FF1A}.Release|x64.Build.0 = Release|Any CPU
		{A87FD152-0CF2-48CF-B38B-32799AD7FF1A}.Release|x86.ActiveCfg = Release|Any CPU
		{A87FD152-0CF2-48CF-B38B-32799AD7FF1A}.Release|x86.Build.0 = Release|Any CPU
		{07E4A354-8B38-4FA8-A29A-8CA6F5CFAE61}.Debug|Any CPU.ActiveCfg = Debug|Any CPU
		{07E4A354-8B38-4FA8-A29A-8CA6F5CFAE61}.Debug|Any CPU.Build.0 = Debug|Any CPU
		{07E4A354-8B38-4FA8-A29A-8CA6F5CFAE61}.Debug|x64.ActiveCfg = Debug|Any CPU
		{07E4A354-8B38-4FA8-A29A-8CA6F5CFAE61}.Debug|x64.Build.0 = Debug|Any CPU
		{07E4A354-8B38-4FA8-A29A-8CA6F5CFAE61}.Debug|x86.ActiveCfg = Debug|Any CPU
		{07E4A354-8B38-4FA8-A29A-8CA6F5CFAE61}.Debug|x86.Build.0 = Debug|Any CPU
		{07E4A354-8B38-4FA8-A29A-8CA6F5CFAE61}.Release|Any CPU.ActiveCfg = Release|Any CPU
		{07E4A354-8B38-4FA8-A29A-8CA6F5CFAE61}.Release|Any CPU.Build.0 = Release|Any CPU
		{07E4A354-8B38-4FA8-A29A-8CA6F5CFAE61}.Release|x64.ActiveCfg = Release|Any CPU
		{07E4A354-8B38-4FA8-A29A-8CA6F5CFAE61}.Release|x64.Build.0 = Release|Any CPU
		{07E4A354-8B38-4FA8-A29A-8CA6F5CFAE61}.Release|x86.ActiveCfg = Release|Any CPU
		{07E4A354-8B38-4FA8-A29A-8CA6F5CFAE61}.Release|x86.Build.0 = Release|Any CPU
		{FB4B4784-E374-462D-A870-3FD5892E8F34}.Debug|Any CPU.ActiveCfg = Debug|Any CPU
		{FB4B4784-E374-462D-A870-3FD5892E8F34}.Debug|Any CPU.Build.0 = Debug|Any CPU
		{FB4B4784-E374-462D-A870-3FD5892E8F34}.Debug|x64.ActiveCfg = Debug|Any CPU
		{FB4B4784-E374-462D-A870-3FD5892E8F34}.Debug|x64.Build.0 = Debug|Any CPU
		{FB4B4784-E374-462D-A870-3FD5892E8F34}.Debug|x86.ActiveCfg = Debug|Any CPU
		{FB4B4784-E374-462D-A870-3FD5892E8F34}.Debug|x86.Build.0 = Debug|Any CPU
		{FB4B4784-E374-462D-A870-3FD5892E8F34}.Release|Any CPU.ActiveCfg = Release|Any CPU
		{FB4B4784-E374-462D-A870-3FD5892E8F34}.Release|Any CPU.Build.0 = Release|Any CPU
		{FB4B4784-E374-462D-A870-3FD5892E8F34}.Release|x64.ActiveCfg = Release|Any CPU
		{FB4B4784-E374-462D-A870-3FD5892E8F34}.Release|x64.Build.0 = Release|Any CPU
		{FB4B4784-E374-462D-A870-3FD5892E8F34}.Release|x86.ActiveCfg = Release|Any CPU
		{FB4B4784-E374-462D-A870-3FD5892E8F34}.Release|x86.Build.0 = Release|Any CPU
		{EC6E987E-7FAE-418C-9918-F143BABE6E54}.Debug|Any CPU.ActiveCfg = Debug|Any CPU
		{EC6E987E-7FAE-418C-9918-F143BABE6E54}.Debug|Any CPU.Build.0 = Debug|Any CPU
		{EC6E987E-7FAE-418C-9918-F143BABE6E54}.Debug|x64.ActiveCfg = Debug|Any CPU
		{EC6E987E-7FAE-418C-9918-F143BABE6E54}.Debug|x64.Build.0 = Debug|Any CPU
		{EC6E987E-7FAE-418C-9918-F143BABE6E54}.Debug|x86.ActiveCfg = Debug|Any CPU
		{EC6E987E-7FAE-418C-9918-F143BABE6E54}.Debug|x86.Build.0 = Debug|Any CPU
		{EC6E987E-7FAE-418C-9918-F143BABE6E54}.Release|Any CPU.ActiveCfg = Release|Any CPU
		{EC6E987E-7FAE-418C-9918-F143BABE6E54}.Release|Any CPU.Build.0 = Release|Any CPU
		{EC6E987E-7FAE-418C-9918-F143BABE6E54}.Release|x64.ActiveCfg = Release|Any CPU
		{EC6E987E-7FAE-418C-9918-F143BABE6E54}.Release|x64.Build.0 = Release|Any CPU
		{EC6E987E-7FAE-418C-9918-F143BABE6E54}.Release|x86.ActiveCfg = Release|Any CPU
		{EC6E987E-7FAE-418C-9918-F143BABE6E54}.Release|x86.Build.0 = Release|Any CPU
	EndGlobalSection
	GlobalSection(SolutionProperties) = preSolution
		HideSolutionNode = FALSE
	EndGlobalSection
	GlobalSection(NestedProjects) = preSolution
		{5FA15FA0-17F2-446C-8EB7-50281F9C9B34} = {AD5041AC-C96B-42F8-BC8C-BFFD2090B364}
		{AFEE8CC6-A93C-4C29-BAB2-12E739D69F96} = {827E0CD3-B72D-47B6-A68D-7590B98EB39B}
		{73B07285-08D5-4FB9-BC8F-870E5B1F3151} = {827E0CD3-B72D-47B6-A68D-7590B98EB39B}
		{3F3DFCCD-B03D-4295-BD74-366CA962F30B} = {827E0CD3-B72D-47B6-A68D-7590B98EB39B}
		{18BB5EA5-6E95-41F6-9ED2-154E5BA4DE2D} = {827E0CD3-B72D-47B6-A68D-7590B98EB39B}
		{A87FD152-0CF2-48CF-B38B-32799AD7FF1A} = {AD5041AC-C96B-42F8-BC8C-BFFD2090B364}
		{07E4A354-8B38-4FA8-A29A-8CA6F5CFAE61} = {827E0CD3-B72D-47B6-A68D-7590B98EB39B}
		{FB4B4784-E374-462D-A870-3FD5892E8F34} = {827E0CD3-B72D-47B6-A68D-7590B98EB39B}
		{EC6E987E-7FAE-418C-9918-F143BABE6E54} = {827E0CD3-B72D-47B6-A68D-7590B98EB39B}
	EndGlobalSection
	GlobalSection(ExtensibilityGlobals) = postSolution
		SolutionGuid = {C9C812E7-F89A-4B6E-8F9D-981D5F8BBAB3}
	EndGlobalSection
EndGlobal
