
Microsoft Visual Studio Solution File, Format Version 12.00
# Visual Studio Version 17
VisualStudioVersion = 17.1.32328.378
MinimumVisualStudioVersion = 10.0.40219.1
Project("{9A19103F-16F7-4668-BE54-9A1E7A4F7556}") = "StbImageSharp", "src\StbImageSharp\StbImageSharp.csproj", "{A0123FC9-6FB4-448D-94D1-84433B317FAB}"
EndProject
Project("{2150E333-8FDC-42A3-9474-1A3956D46DE8}") = "Tests", "Tests", "{AD5041AC-C96B-42F8-BC8C-BFFD2090B364}"
EndProject
Project("{8BC9CEB8-8B4A-11D0-8D11-00A0C91BC942}") = "Stb.Native", "tests\Stb.Native\Stb.Native.vcxproj", "{EA7B8121-942A-437D-85D5-E4D55B94E88A}"
EndProject
Project("{9A19103F-16F7-4668-BE54-9A1E7A4F7556}") = "StbImageSharp.Testing", "tests\StbImageSharp.Testing\StbImageSharp.Testing.csproj", "{4295DB99-F5C5-4D33-84DA-02AA2CA141B6}"
EndProject
Project("{9A19103F-16F7-4668-BE54-9A1E7A4F7556}") = "StbImageSharp.Tests", "tests\StbImageSharp.Tests\StbImageSharp.Tests.csproj", "{5FA15FA0-17F2-446C-8EB7-50281F9C9B34}"
EndProject
Project("{9A19103F-16F7-4668-BE54-9A1E7A4F7556}") = "StbImageSharp.Viewer", "tests\StbImageSharp.Viewer\StbImageSharp.Viewer.csproj", "{55726B87-1BEA-4B67-A071-A076DA1B298B}"
EndProject
Project("{2150E333-8FDC-42A3-9474-1A3956D46DE8}") = "src", "src", "{827E0CD3-B72D-47B6-A68D-7590B98EB39B}"
EndProject
Project("{FAE04EC0-301F-11D3-BF4B-00C04F79EFBC}") = "SharpAstro.Tiff", "src\SharpAstro.Tiff\SharpAstro.Tiff.csproj", "{4DECA07B-3463-40EF-8379-29FF9BF955B7}"
EndProject
Project("{FAE04EC0-301F-11D3-BF4B-00C04F79EFBC}") = "SharpAstro.Png", "src\SharpAstro.Png\SharpAstro.Png.csproj", "{9BCE57DC-DE19-45DB-922C-9EA9151350BB}"
EndProject
Project("{FAE04EC0-301F-11D3-BF4B-00C04F79EFBC}") = "SharpAstro.Exif", "src\SharpAstro.Exif\SharpAstro.Exif.csproj", "{85E05C55-093F-4196-94BA-BE92E11CF44E}"
EndProject
Project("{FAE04EC0-301F-11D3-BF4B-00C04F79EFBC}") = "SharpAstro.Color.Icc", "src\SharpAstro.Color.Icc\SharpAstro.Color.Icc.csproj", "{5D9D9363-769A-4310-BAC7-5456424A1648}"
EndProject
Project("{FAE04EC0-301F-11D3-BF4B-00C04F79EFBC}") = "SharpAstro.Jpeg", "src\SharpAstro.Jpeg\SharpAstro.Jpeg.csproj", "{03F99AD1-3B17-49B7-B3DE-F82B58470263}"
EndProject
Global
	GlobalSection(SolutionConfigurationPlatforms) = preSolution
		Debug|Any CPU = Debug|Any CPU
		Debug|x64 = Debug|x64
		Debug|x86 = Debug|x86
		Release|Any CPU = Release|Any CPU
		Release|x64 = Release|x64
		Release|x86 = Release|x86
	EndGlobalSection
	GlobalSection(ProjectConfigurationPlatforms) = postSolution
		{A0123FC9-6FB4-448D-94D1-84433B317FAB}.Debug|Any CPU.ActiveCfg = Debug|Any CPU
		{A0123FC9-6FB4-448D-94D1-84433B317FAB}.Debug|Any CPU.Build.0 = Debug|Any CPU
		{A0123FC9-6FB4-448D-94D1-84433B317FAB}.Debug|x64.ActiveCfg = Debug|Any CPU
		{A0123FC9-6FB4-448D-94D1-84433B317FAB}.Debug|x64.Build.0 = Debug|Any CPU
		{A0123FC9-6FB4-448D-94D1-84433B317FAB}.Debug|x86.ActiveCfg = Debug|Any CPU
		{A0123FC9-6FB4-448D-94D1-84433B317FAB}.Debug|x86.Build.0 = Debug|Any CPU
		{A0123FC9-6FB4-448D-94D1-84433B317FAB}.Release|Any CPU.ActiveCfg = Release|Any CPU
		{A0123FC9-6FB4-448D-94D1-84433B317FAB}.Release|Any CPU.Build.0 = Release|Any CPU
		{A0123FC9-6FB4-448D-94D1-84433B317FAB}.Release|x64.ActiveCfg = Release|Any CPU
		{A0123FC9-6FB4-448D-94D1-84433B317FAB}.Release|x64.Build.0 = Release|Any CPU
		{A0123FC9-6FB4-448D-94D1-84433B317FAB}.Release|x86.ActiveCfg = Release|Any CPU
		{A0123FC9-6FB4-448D-94D1-84433B317FAB}.Release|x86.Build.0 = Release|Any CPU
		{EA7B8121-942A-437D-85D5-E4D55B94E88A}.Debug|Any CPU.ActiveCfg = Debug|x64
		{EA7B8121-942A-437D-85D5-E4D55B94E88A}.Debug|Any CPU.Build.0 = Debug|x64
		{EA7B8121-942A-437D-85D5-E4D55B94E88A}.Debug|x64.ActiveCfg = Debug|x64
		{EA7B8121-942A-437D-85D5-E4D55B94E88A}.Debug|x64.Build.0 = Debug|x64
		{EA7B8121-942A-437D-85D5-E4D55B94E88A}.Debug|x86.ActiveCfg = Debug|Win32
		{EA7B8121-942A-437D-85D5-E4D55B94E88A}.Debug|x86.Build.0 = Debug|Win32
		{EA7B8121-942A-437D-85D5-E4D55B94E88A}.Release|Any CPU.ActiveCfg = Release|x64
		{EA7B8121-942A-437D-85D5-E4D55B94E88A}.Release|Any CPU.Build.0 = Release|x64
		{EA7B8121-942A-437D-85D5-E4D55B94E88A}.Release|x64.ActiveCfg = Release|x64
		{EA7B8121-942A-437D-85D5-E4D55B94E88A}.Release|x64.Build.0 = Release|x64
		{EA7B8121-942A-437D-85D5-E4D55B94E88A}.Release|x86.ActiveCfg = Release|Win32
		{EA7B8121-942A-437D-85D5-E4D55B94E88A}.Release|x86.Build.0 = Release|Win32
		{4295DB99-F5C5-4D33-84DA-02AA2CA141B6}.Debug|Any CPU.ActiveCfg = Debug|Any CPU
		{4295DB99-F5C5-4D33-84DA-02AA2CA141B6}.Debug|Any CPU.Build.0 = Debug|Any CPU
		{4295DB99-F5C5-4D33-84DA-02AA2CA141B6}.Debug|x64.ActiveCfg = Debug|Any CPU
		{4295DB99-F5C5-4D33-84DA-02AA2CA141B6}.Debug|x64.Build.0 = Debug|Any CPU
		{4295DB99-F5C5-4D33-84DA-02AA2CA141B6}.Debug|x86.ActiveCfg = Debug|Any CPU
		{4295DB99-F5C5-4D33-84DA-02AA2CA141B6}.Debug|x86.Build.0 = Debug|Any CPU
		{4295DB99-F5C5-4D33-84DA-02AA2CA141B6}.Release|Any CPU.ActiveCfg = Release|Any CPU
		{4295DB99-F5C5-4D33-84DA-02AA2CA141B6}.Release|Any CPU.Build.0 = Release|Any CPU
		{4295DB99-F5C5-4D33-84DA-02AA2CA141B6}.Release|x64.ActiveCfg = Release|Any CPU
		{4295DB99-F5C5-4D33-84DA-02AA2CA141B6}.Release|x64.Build.0 = Release|Any CPU
		{4295DB99-F5C5-4D33-84DA-02AA2CA141B6}.Release|x86.ActiveCfg = Release|Any CPU
		{4295DB99-F5C5-4D33-84DA-02AA2CA141B6}.Release|x86.Build.0 = Release|Any CPU
		{5FA15FA0-17F2-446C-8EB7-50281F9C9B34}.Debug|Any CPU.ActiveCfg = Debug|Any CPU
		{5FA15FA0-17F2-446C-8EB7-50281F9C9B34}.Debug|Any CPU.Build.0 = Debug|Any CPU
		{5FA15FA0-17F2-446C-8EB7-50281F9C9B34}.Debug|x64.ActiveCfg = Debug|Any CPU
		{5FA15FA0-17F2-446C-8EB7-50281F9C9B34}.Debug|x64.Build.0 = Debug|Any CPU
		{5FA15FA0-17F2-446C-8EB7-50281F9C9B34}.Debug|x86.ActiveCfg = Debug|Any CPU
		{5FA15FA0-17F2-446C-8EB7-50281F9C9B34}.Debug|x86.Build.0 = Debug|Any CPU
		{5FA15FA0-17F2-446C-8EB7-50281F9C9B34}.Release|Any CPU.ActiveCfg = Release|Any CPU
		{5FA15FA0-17F2-446C-8EB7-50281F9C9B34}.Release|Any CPU.Build.0 = Release|Any CPU
		{5FA15FA0-17F2-446C-8EB7-50281F9C9B34}.Release|x64.ActiveCfg = Release|Any CPU
		{5FA15FA0-17F2-446C-8EB7-50281F9C9B34}.Release|x64.Build.0 = Release|Any CPU
		{5FA15FA0-17F2-446C-8EB7-50281F9C9B34}.Release|x86.ActiveCfg = Release|Any CPU
		{5FA15FA0-17F2-446C-8EB7-50281F9C9B34}.Release|x86.Build.0 = Release|Any CPU
		{55726B87-1BEA-4B67-A071-A076DA1B298B}.Debug|Any CPU.ActiveCfg = Debug|Any CPU
		{55726B87-1BEA-4B67-A071-A076DA1B298B}.Debug|Any CPU.Build.0 = Debug|Any CPU
		{55726B87-1BEA-4B67-A071-A076DA1B298B}.Debug|x64.ActiveCfg = Debug|Any CPU
		{55726B87-1BEA-4B67-A071-A076DA1B298B}.Debug|x64.Build.0 = Debug|Any CPU
		{55726B87-1BEA-4B67-A071-A076DA1B298B}.Debug|x86.ActiveCfg = Debug|Any CPU
		{55726B87-1BEA-4B67-A071-A076DA1B298B}.Debug|x86.Build.0 = Debug|Any CPU
		{55726B87-1BEA-4B67-A071-A076DA1B298B}.Release|Any CPU.ActiveCfg = Release|Any CPU
		{55726B87-1BEA-4B67-A071-A076DA1B298B}.Release|Any CPU.Build.0 = Release|Any CPU
		{55726B87-1BEA-4B67-A071-A076DA1B298B}.Release|x64.ActiveCfg = Release|Any CPU
		{55726B87-1BEA-4B67-A071-A076DA1B298B}.Release|x64.Build.0 = Release|Any CPU
		{55726B87-1BEA-4B67-A071-A076DA1B298B}.Release|x86.ActiveCfg = Release|Any CPU
		{55726B87-1BEA-4B67-A071-A076DA1B298B}.Release|x86.Build.0 = Release|Any CPU
		{4DECA07B-3463-40EF-8379-29FF9BF955B7}.Debug|Any CPU.ActiveCfg = Debug|Any CPU
		{4DECA07B-3463-40EF-8379-29FF9BF955B7}.Debug|Any CPU.Build.0 = Debug|Any CPU
		{4DECA07B-3463-40EF-8379-29FF9BF955B7}.Debug|x64.ActiveCfg = Debug|Any CPU
		{4DECA07B-3463-40EF-8379-29FF9BF955B7}.Debug|x64.Build.0 = Debug|Any CPU
		{4DECA07B-3463-40EF-8379-29FF9BF955B7}.Debug|x86.ActiveCfg = Debug|Any CPU
		{4DECA07B-3463-40EF-8379-29FF9BF955B7}.Debug|x86.Build.0 = Debug|Any CPU
		{4DECA07B-3463-40EF-8379-29FF9BF955B7}.Release|Any CPU.ActiveCfg = Release|Any CPU
		{4DECA07B-3463-40EF-8379-29FF9BF955B7}.Release|Any CPU.Build.0 = Release|Any CPU
		{4DECA07B-3463-40EF-8379-29FF9BF955B7}.Release|x64.ActiveCfg = Release|Any CPU
		{4DECA07B-3463-40EF-8379-29FF9BF955B7}.Release|x64.Build.0 = Release|Any CPU
		{4DECA07B-3463-40EF-8379-29FF9BF955B7}.Release|x86.ActiveCfg = Release|Any CPU
		{4DECA07B-3463-40EF-8379-29FF9BF955B7}.Release|x86.Build.0 = Release|Any CPU
		{9BCE57DC-DE19-45DB-922C-9EA9151350BB}.Debug|Any CPU.ActiveCfg = Debug|Any CPU
		{9BCE57DC-DE19-45DB-922C-9EA9151350BB}.Debug|Any CPU.Build.0 = Debug|Any CPU
		{9BCE57DC-DE19-45DB-922C-9EA9151350BB}.Debug|x64.ActiveCfg = Debug|Any CPU
		{9BCE57DC-DE19-45DB-922C-9EA9151350BB}.Debug|x64.Build.0 = Debug|Any CPU
		{9BCE57DC-DE19-45DB-922C-9EA9151350BB}.Debug|x86.ActiveCfg = Debug|Any CPU
		{9BCE57DC-DE19-45DB-922C-9EA9151350BB}.Debug|x86.Build.0 = Debug|Any CPU
		{9BCE57DC-DE19-45DB-922C-9EA9151350BB}.Release|Any CPU.ActiveCfg = Release|Any CPU
		{9BCE57DC-DE19-45DB-922C-9EA9151350BB}.Release|Any CPU.Build.0 = Release|Any CPU
		{9BCE57DC-DE19-45DB-922C-9EA9151350BB}.Release|x64.ActiveCfg = Release|Any CPU
		{9BCE57DC-DE19-45DB-922C-9EA9151350BB}.Release|x64.Build.0 = Release|Any CPU
		{9BCE57DC-DE19-45DB-922C-9EA9151350BB}.Release|x86.ActiveCfg = Release|Any CPU
		{9BCE57DC-DE19-45DB-922C-9EA9151350BB}.Release|x86.Build.0 = Release|Any CPU
		{85E05C55-093F-4196-94BA-BE92E11CF44E}.Debug|Any CPU.ActiveCfg = Debug|Any CPU
		{85E05C55-093F-4196-94BA-BE92E11CF44E}.Debug|Any CPU.Build.0 = Debug|Any CPU
		{85E05C55-093F-4196-94BA-BE92E11CF44E}.Debug|x64.ActiveCfg = Debug|Any CPU
		{85E05C55-093F-4196-94BA-BE92E11CF44E}.Debug|x64.Build.0 = Debug|Any CPU
		{85E05C55-093F-4196-94BA-BE92E11CF44E}.Debug|x86.ActiveCfg = Debug|Any CPU
		{85E05C55-093F-4196-94BA-BE92E11CF44E}.Debug|x86.Build.0 = Debug|Any CPU
		{85E05C55-093F-4196-94BA-BE92E11CF44E}.Release|Any CPU.ActiveCfg = Release|Any CPU
		{85E05C55-093F-4196-94BA-BE92E11CF44E}.Release|Any CPU.Build.0 = Release|Any CPU
		{85E05C55-093F-4196-94BA-BE92E11CF44E}.Release|x64.ActiveCfg = Release|Any CPU
		{85E05C55-093F-4196-94BA-BE92E11CF44E}.Release|x64.Build.0 = Release|Any CPU
		{85E05C55-093F-4196-94BA-BE92E11CF44E}.Release|x86.ActiveCfg = Release|Any CPU
		{85E05C55-093F-4196-94BA-BE92E11CF44E}.Release|x86.Build.0 = Release|Any CPU
		{5D9D9363-769A-4310-BAC7-5456424A1648}.Debug|Any CPU.ActiveCfg = Debug|Any CPU
		{5D9D9363-769A-4310-BAC7-5456424A1648}.Debug|Any CPU.Build.0 = Debug|Any CPU
		{5D9D9363-769A-4310-BAC7-5456424A1648}.Debug|x64.ActiveCfg = Debug|Any CPU
		{5D9D9363-769A-4310-BAC7-5456424A1648}.Debug|x64.Build.0 = Debug|Any CPU
		{5D9D9363-769A-4310-BAC7-5456424A1648}.Debug|x86.ActiveCfg = Debug|Any CPU
		{5D9D9363-769A-4310-BAC7-5456424A1648}.Debug|x86.Build.0 = Debug|Any CPU
		{5D9D9363-769A-4310-BAC7-5456424A1648}.Release|Any CPU.ActiveCfg = Release|Any CPU
		{5D9D9363-769A-4310-BAC7-5456424A1648}.Release|Any CPU.Build.0 = Release|Any CPU
		{5D9D9363-769A-4310-BAC7-5456424A1648}.Release|x64.ActiveCfg = Release|Any CPU
		{5D9D9363-769A-4310-BAC7-5456424A1648}.Release|x64.Build.0 = Release|Any CPU
		{5D9D9363-769A-4310-BAC7-5456424A1648}.Release|x86.ActiveCfg = Release|Any CPU
		{5D9D9363-769A-4310-BAC7-5456424A1648}.Release|x86.Build.0 = Release|Any CPU
		{03F99AD1-3B17-49B7-B3DE-F82B58470263}.Debug|Any CPU.ActiveCfg = Debug|Any CPU
		{03F99AD1-3B17-49B7-B3DE-F82B58470263}.Debug|Any CPU.Build.0 = Debug|Any CPU
		{03F99AD1-3B17-49B7-B3DE-F82B58470263}.Debug|x64.ActiveCfg = Debug|Any CPU
		{03F99AD1-3B17-49B7-B3DE-F82B58470263}.Debug|x64.Build.0 = Debug|Any CPU
		{03F99AD1-3B17-49B7-B3DE-F82B58470263}.Debug|x86.ActiveCfg = Debug|Any CPU
		{03F99AD1-3B17-49B7-B3DE-F82B58470263}.Debug|x86.Build.0 = Debug|Any CPU
		{03F99AD1-3B17-49B7-B3DE-F82B58470263}.Release|Any CPU.ActiveCfg = Release|Any CPU
		{03F99AD1-3B17-49B7-B3DE-F82B58470263}.Release|Any CPU.Build.0 = Release|Any CPU
		{03F99AD1-3B17-49B7-B3DE-F82B58470263}.Release|x64.ActiveCfg = Release|Any CPU
		{03F99AD1-3B17-49B7-B3DE-F82B58470263}.Release|x64.Build.0 = Release|Any CPU
		{03F99AD1-3B17-49B7-B3DE-F82B58470263}.Release|x86.ActiveCfg = Release|Any CPU
		{03F99AD1-3B17-49B7-B3DE-F82B58470263}.Release|x86.Build.0 = Release|Any CPU
	EndGlobalSection
	GlobalSection(SolutionProperties) = preSolution
		HideSolutionNode = FALSE
	EndGlobalSection
	GlobalSection(NestedProjects) = preSolution
		{EA7B8121-942A-437D-85D5-E4D55B94E88A} = {AD5041AC-C96B-42F8-BC8C-BFFD2090B364}
		{4295DB99-F5C5-4D33-84DA-02AA2CA141B6} = {AD5041AC-C96B-42F8-BC8C-BFFD2090B364}
		{5FA15FA0-17F2-446C-8EB7-50281F9C9B34} = {AD5041AC-C96B-42F8-BC8C-BFFD2090B364}
		{55726B87-1BEA-4B67-A071-A076DA1B298B} = {AD5041AC-C96B-42F8-BC8C-BFFD2090B364}
		{4DECA07B-3463-40EF-8379-29FF9BF955B7} = {827E0CD3-B72D-47B6-A68D-7590B98EB39B}
		{9BCE57DC-DE19-45DB-922C-9EA9151350BB} = {827E0CD3-B72D-47B6-A68D-7590B98EB39B}
		{85E05C55-093F-4196-94BA-BE92E11CF44E} = {827E0CD3-B72D-47B6-A68D-7590B98EB39B}
		{5D9D9363-769A-4310-BAC7-5456424A1648} = {827E0CD3-B72D-47B6-A68D-7590B98EB39B}
		{03F99AD1-3B17-49B7-B3DE-F82B58470263} = {827E0CD3-B72D-47B6-A68D-7590B98EB39B}
	EndGlobalSection
	GlobalSection(ExtensibilityGlobals) = postSolution
		SolutionGuid = {C9C812E7-F89A-4B6E-8F9D-981D5F8BBAB3}
	EndGlobalSection
EndGlobal
